<Solution>
  <Project Path="PackagedFoodManagementSystem.UnitTests/PackagedFoodManagementSystem.UnitTests.csproj" Id="fe933fe9-f7e5-4523-8767-889e1a9fd6b2" />
  <Project Path="PackageFoodManagementSystem.Application/PackageFoodManagementSystem.Application.csproj" />
  <Project Path="PackageFoodManagementSystem.Repository/PackageFoodManagementSystem.Repository.csproj" />
  <Project Path="PackageFoodManagementSystem.Services/PackageFoodManagementSystem.Services.csproj" />
</Solution>
